// !$*UTF8*$!
{
	archiveVersion = 1;
	classes = {
	};
	objectVersion = 46;
	objects = {

/* Begin PBXBuildFile section */
		63EC87C2190B25FF00614DE2 /* Foundation.framework in Frameworks */ = {isa = PBXBuildFile; fileRef = 63EC87C1190B25FF00614DE2 /* Foundation.framework */; };
		63EC87C4190B25FF00614DE2 /* CoreGraphics.framework in Frameworks */ = {isa = PBXBuildFile; fileRef = 63EC87C3190B25FF00614DE2 /* CoreGraphics.framework */; };
		63EC87C6190B25FF00614DE2 /* UIKit.framework in Frameworks */ = {isa = PBXBuildFile; fileRef = 63EC87C5190B25FF00614DE2 /* UIKit.framework */; };
		63EC87CC190B25FF00614DE2 /* InfoPlist.strings in Resources */ = {isa = PBXBuildFile; fileRef = 63EC87CA190B25FF00614DE2 /* InfoPlist.strings */; };
		63EC87CE190B25FF00614DE2 /* main.m in Sources */ = {isa = PBXBuildFile; fileRef = 63EC87CD190B25FF00614DE2 /* main.m */; };
		63EC87D2190B25FF00614DE2 /* xcasAppDelegate.m in Sources */ = {isa = PBXBuildFile; fileRef = 63EC87D1190B25FF00614DE2 /* xcasAppDelegate.m */; };
		63EC87D5190B25FF00614DE2 /* Main_iPhone.storyboard in Resources */ = {isa = PBXBuildFile; fileRef = 63EC87D3190B25FF00614DE2 /* Main_iPhone.storyboard */; };
		63EC87D8190B25FF00614DE2 /* Main_iPad.storyboard in Resources */ = {isa = PBXBuildFile; fileRef = 63EC87D6190B25FF00614DE2 /* Main_iPad.storyboard */; };
		63EC87DB190B260000614DE2 /* xcasViewController.m in Sources */ = {isa = PBXBuildFile; fileRef = 63EC87DA190B260000614DE2 /* xcasViewController.m */; };
		63EC87DD190B260000614DE2 /* Images.xcassets in Resources */ = {isa = PBXBuildFile; fileRef = 63EC87DC190B260000614DE2 /* Images.xcassets */; };
		63EC87E4190B260000614DE2 /* XCTest.framework in Frameworks */ = {isa = PBXBuildFile; fileRef = 63EC87E3190B260000614DE2 /* XCTest.framework */; };
		63EC87E5190B260000614DE2 /* Foundation.framework in Frameworks */ = {isa = PBXBuildFile; fileRef = 63EC87C1190B25FF00614DE2 /* Foundation.framework */; };
		63EC87E6190B260000614DE2 /* UIKit.framework in Frameworks */ = {isa = PBXBuildFile; fileRef = 63EC87C5190B25FF00614DE2 /* UIKit.framework */; };
		63EC87EE190B260000614DE2 /* InfoPlist.strings in Resources */ = {isa = PBXBuildFile; fileRef = 63EC87EC190B260000614DE2 /* InfoPlist.strings */; };
		63EC87F0190B260000614DE2 /* XcasPadTests.m in Sources */ = {isa = PBXBuildFile; fileRef = 63EC87EF190B260000614DE2 /* XcasPadTests.m */; };
/* End PBXBuildFile section */

/* Begin PBXContainerItemProxy section */
		63EC87E7190B260000614DE2 /* PBXContainerItemProxy */ = {
			isa = PBXContainerItemProxy;
			containerPortal = 63EC87B6190B25FF00614DE2 /* Project object */;
			proxyType = 1;
			remoteGlobalIDString = 63EC87BD190B25FF00614DE2;
			remoteInfo = XcasPad;
		};
/* End PBXContainerItemProxy section */

/* Begin PBXFileReference section */
		63EC87BE190B25FF00614DE2 /* XcasPad.app */ = {isa = PBXFileReference; explicitFileType = wrapper.application; includeInIndex = 0; path = XcasPad.app; sourceTree = BUILT_PRODUCTS_DIR; };
		63EC87C1190B25FF00614DE2 /* Foundation.framework */ = {isa = PBXFileReference; lastKnownFileType = wrapper.framework; name = Foundation.framework; path = System/Library/Frameworks/Foundation.framework; sourceTree = SDKROOT; };
		63EC87C3190B25FF00614DE2 /* CoreGraphics.framework */ = {isa = PBXFileReference; lastKnownFileType = wrapper.framework; name = CoreGraphics.framework; path = System/Library/Frameworks/CoreGraphics.framework; sourceTree = SDKROOT; };
		63EC87C5190B25FF00614DE2 /* UIKit.framework */ = {isa = PBXFileReference; lastKnownFileType = wrapper.framework; name = UIKit.framework; path = System/Library/Frameworks/UIKit.framework; sourceTree = SDKROOT; };
		63EC87C9190B25FF00614DE2 /* XcasPad-Info.plist */ = {isa = PBXFileReference; lastKnownFileType = text.plist.xml; path = "XcasPad-Info.plist"; sourceTree = "<group>"; };
		63EC87CB190B25FF00614DE2 /* en */ = {isa = PBXFileReference; lastKnownFileType = text.plist.strings; name = en; path = en.lproj/InfoPlist.strings; sourceTree = "<group>"; };
		63EC87CD190B25FF00614DE2 /* main.m */ = {isa = PBXFileReference; lastKnownFileType = sourcecode.c.objc; path = main.m; sourceTree = "<group>"; };
		63EC87CF190B25FF00614DE2 /* XcasPad-Prefix.pch */ = {isa = PBXFileReference; lastKnownFileType = sourcecode.c.h; path = "XcasPad-Prefix.pch"; sourceTree = "<group>"; };
		63EC87D0190B25FF00614DE2 /* xcasAppDelegate.h */ = {isa = PBXFileReference; lastKnownFileType = sourcecode.c.h; path = xcasAppDelegate.h; sourceTree = "<group>"; };
		63EC87D1190B25FF00614DE2 /* xcasAppDelegate.m */ = {isa = PBXFileReference; lastKnownFileType = sourcecode.c.objc; path = xcasAppDelegate.m; sourceTree = "<group>"; };
		63EC87D4190B25FF00614DE2 /* Base */ = {isa = PBXFileReference; lastKnownFileType = file.storyboard; name = Base; path = Base.lproj/Main_iPhone.storyboard; sourceTree = "<group>"; };
		63EC87D7190B25FF00614DE2 /* Base */ = {isa = PBXFileReference; lastKnownFileType = file.storyboard; name = Base; path = Base.lproj/Main_iPad.storyboard; sourceTree = "<group>"; };
		63EC87D9190B260000614DE2 /* xcasViewController.h */ = {isa = PBXFileReference; lastKnownFileType = sourcecode.c.h; path = xcasViewController.h; sourceTree = "<group>"; };
		63EC87DA190B260000614DE2 /* xcasViewController.m */ = {isa = PBXFileReference; lastKnownFileType = sourcecode.c.objc; path = xcasViewController.m; sourceTree = "<group>"; };
		63EC87DC190B260000614DE2 /* Images.xcassets */ = {isa = PBXFileReference; lastKnownFileType = folder.assetcatalog; path = Images.xcassets; sourceTree = "<group>"; };
		63EC87E2190B260000614DE2 /* XcasPadTests.xctest */ = {isa = PBXFileReference; explicitFileType = wrapper.cfbundle; includeInIndex = 0; path = XcasPadTests.xctest; sourceTree = BUILT_PRODUCTS_DIR; };
		63EC87E3190B260000614DE2 /* XCTest.framework */ = {isa = PBXFileReference; lastKnownFileType = wrapper.framework; name = XCTest.framework; path = Library/Frameworks/XCTest.framework; sourceTree = DEVELOPER_DIR; };
		63EC87EB190B260000614DE2 /* XcasPadTests-Info.plist */ = {isa = PBXFileReference; lastKnownFileType = text.plist.xml; path = "XcasPadTests-Info.plist"; sourceTree = "<group>"; };
		63EC87ED190B260000614DE2 /* en */ = {isa = PBXFileReference; lastKnownFileType = text.plist.strings; name = en; path = en.lproj/InfoPlist.strings; sourceTree = "<group>"; };
		63EC87EF190B260000614DE2 /* XcasPadTests.m */ = {isa = PBXFileReference; lastKnownFileType = sourcecode.c.objc; path = XcasPadTests.m; sourceTree = "<group>"; };
/* End PBXFileReference section */

/* Begin PBXFrameworksBuildPhase section */
		63EC87BB190B25FF00614DE2 /* Frameworks */ = {
			isa = PBXFrameworksBuildPhase;
			buildActionMask = 2147483647;
			files = (
				63EC87C4190B25FF00614DE2 /* CoreGraphics.framework in Frameworks */,
				63EC87C6190B25FF00614DE2 /* UIKit.framework in Frameworks */,
				63EC87C2190B25FF00614DE2 /* Foundation.framework in Frameworks */,
			);
			runOnlyForDeploymentPostprocessing = 0;
		};
		63EC87DF190B260000614DE2 /* Frameworks */ = {
			isa = PBXFrameworksBuildPhase;
			buildActionMask = 2147483647;
			files = (
				63EC87E4190B260000614DE2 /* XCTest.framework in Frameworks */,
				63EC87E6190B260000614DE2 /* UIKit.framework in Frameworks */,
				63EC87E5190B260000614DE2 /* Foundation.framework in Frameworks */,
			);
			runOnlyForDeploymentPostprocessing = 0;
		};
/* End PBXFrameworksBuildPhase section */

/* Begin PBXGroup section */
		63EC87B5190B25FF00614DE2 = {
			isa = PBXGroup;
			children = (
				63EC87C7190B25FF00614DE2 /* XcasPad */,
				63EC87E9190B260000614DE2 /* XcasPadTests */,
				63EC87C0190B25FF00614DE2 /* Frameworks */,
				63EC87BF190B25FF00614DE2 /* Products */,
			);
			sourceTree = "<group>";
		};
		63EC87BF190B25FF00614DE2 /* Products */ = {
			isa = PBXGroup;
			children = (
				63EC87BE190B25FF00614DE2 /* XcasPad.app */,
				63EC87E2190B260000614DE2 /* XcasPadTests.xctest */,
			);
			name = Products;
			sourceTree = "<group>";
		};
		63EC87C0190B25FF00614DE2 /* Frameworks */ = {
			isa = PBXGroup;
			children = (
				63EC87C1190B25FF00614DE2 /* Foundation.framework */,
				63EC87C3190B25FF00614DE2 /* CoreGraphics.framework */,
				63EC87C5190B25FF00614DE2 /* UIKit.framework */,
				63EC87E3190B260000614DE2 /* XCTest.framework */,
			);
			name = Frameworks;
			sourceTree = "<group>";
		};
		63EC87C7190B25FF00614DE2 /* XcasPad */ = {
			isa = PBXGroup;
			children = (
				63EC87D0190B25FF00614DE2 /* xcasAppDelegate.h */,
				63EC87D1190B25FF00614DE2 /* xcasAppDelegate.m */,
				63EC87D3190B25FF00614DE2 /* Main_iPhone.storyboard */,
				63EC87D6190B25FF00614DE2 /* Main_iPad.storyboard */,
				63EC87D9190B260000614DE2 /* xcasViewController.h */,
				63EC87DA190B260000614DE2 /* xcasViewController.m */,
				63EC87DC190B260000614DE2 /* Images.xcassets */,
				63EC87C8190B25FF00614DE2 /* Supporting Files */,
			);
			path = XcasPad;
			sourceTree = "<group>";
		};
		63EC87C8190B25FF00614DE2 /* Supporting Files */ = {
			isa = PBXGroup;
			children = (
				63EC87C9190B25FF00614DE2 /* XcasPad-Info.plist */,
				63EC87CA190B25FF00614DE2 /* InfoPlist.strings */,
				63EC87CD190B25FF00614DE2 /* main.m */,
				63EC87CF190B25FF00614DE2 /* XcasPad-Prefix.pch */,
			);
			name = "Supporting Files";
			sourceTree = "<group>";
		};
		63EC87E9190B260000614DE2 /* XcasPadTests */ = {
			isa = PBXGroup;
			children = (
				63EC87EF190B260000614DE2 /* XcasPadTests.m */,
				63EC87EA190B260000614DE2 /* Supporting Files */,
			);
			path = XcasPadTests;
			sourceTree = "<group>";
		};
		63EC87EA190B260000614DE2 /* Supporting Files */ = {
			isa = PBXGroup;
			children = (
				63EC87EB190B260000614DE2 /* XcasPadTests-Info.plist */,
				63EC87EC190B260000614DE2 /* InfoPlist.strings */,
			);
			name = "Supporting Files";
			sourceTree = "<group>";
		};
/* End PBXGroup section */

/* Begin PBXNativeTarget section */
		63EC87BD190B25FF00614DE2 /* XcasPad */ = {
			isa = PBXNativeTarget;
			buildConfigurationList = 63EC87F3190B260000614DE2 /* Build configuration list for PBXNativeTarget "XcasPad" */;
			buildPhases = (
				63EC87BA190B25FF00614DE2 /* Sources */,
				63EC87BB190B25FF00614DE2 /* Frameworks */,
				63EC87BC190B25FF00614DE2 /* Resources */,
			);
			buildRules = (
			);
			dependencies = (
			);
			name = XcasPad;
			productName = XcasPad;
			productReference = 63EC87BE190B25FF00614DE2 /* XcasPad.app */;
			productType = "com.apple.product-type.application";
		};
		63EC87E1190B260000614DE2 /* XcasPadTests */ = {
			isa = PBXNativeTarget;
			buildConfigurationList = 63EC87F6190B260000614DE2 /* Build configuration list for PBXNativeTarget "XcasPadTests" */;
			buildPhases = (
				63EC87DE190B260000614DE2 /* Sources */,
				63EC87DF190B260000614DE2 /* Frameworks */,
				63EC87E0190B260000614DE2 /* Resources */,
			);
			buildRules = (
			);
			dependencies = (
				63EC87E8190B260000614DE2 /* PBXTargetDependency */,
			);
			name = XcasPadTests;
			productName = XcasPadTests;
			productReference = 63EC87E2190B260000614DE2 /* XcasPadTests.xctest */;
			productType = "com.apple.product-type.bundle.unit-test";
		};
/* End PBXNativeTarget section */

/* Begin PBXProject section */
		63EC87B6190B25FF00614DE2 /* Project object */ = {
			isa = PBXProject;
			attributes = {
				CLASSPREFIX = xcas;
				LastUpgradeCheck = 0500;
				ORGANIZATIONNAME = Mucephi;
				TargetAttributes = {
					63EC87E1190B260000614DE2 = {
						TestTargetID = 63EC87BD190B25FF00614DE2;
					};
				};
			};
			buildConfigurationList = 63EC87B9190B25FF00614DE2 /* Build configuration list for PBXProject "XcasPad" */;
			compatibilityVersion = "Xcode 3.2";
			developmentRegion = English;
			hasScannedForEncodings = 0;
			knownRegions = (
				en,
				Base,
			);
			mainGroup = 63EC87B5190B25FF00614DE2;
			productRefGroup = 63EC87BF190B25FF00614DE2 /* Products */;
			projectDirPath = "";
			projectRoot = "";
			targets = (
				63EC87BD190B25FF00614DE2 /* XcasPad */,
				63EC87E1190B260000614DE2 /* XcasPadTests */,
			);
		};
/* End PBXProject section */

/* Begin PBXResourcesBuildPhase section */
		63EC87BC190B25FF00614DE2 /* Resources */ = {
			isa = PBXResourcesBuildPhase;
			buildActionMask = 2147483647;
			files = (
				63EC87D8190B25FF00614DE2 /* Main_iPad.storyboard in Resources */,
				63EC87DD190B260000614DE2 /* Images.xcassets in Resources */,
				63EC87D5190B25FF00614DE2 /* Main_iPhone.storyboard in Resources */,
				63EC87CC190B25FF00614DE2 /* InfoPlist.strings in Resources */,
			);
			runOnlyForDeploymentPostprocessing = 0;
		};
		63EC87E0190B260000614DE2 /* Resources */ = {
			isa = PBXResourcesBuildPhase;
			buildActionMask = 2147483647;
			files = (
				63EC87EE190B260000614DE2 /* InfoPlist.strings in Resources */,
			);
			runOnlyForDeploymentPostprocessing = 0;
		};
/* End PBXResourcesBuildPhase section */

/* Begin PBXSourcesBuildPhase section */
		63EC87BA190B25FF00614DE2 /* Sources */ = {
			isa = PBXSourcesBuildPhase;
			buildActionMask = 2147483647;
			files = (
				63EC87CE190B25FF00614DE2 /* main.m in Sources */,
				63EC87DB190B260000614DE2 /* xcasViewController.m in Sources */,
				63EC87D2190B25FF00614DE2 /* xcasAppDelegate.m in Sources */,
			);
			runOnlyForDeploymentPostprocessing = 0;
		};
		63EC87DE190B260000614DE2 /* Sources */ = {
			isa = PBXSourcesBuildPhase;
			buildActionMask = 2147483647;
			files = (
				63EC87F0190B260000614DE2 /* XcasPadTests.m in Sources */,
			);
			runOnlyForDeploymentPostprocessing = 0;
		};
/* End PBXSourcesBuildPhase section */

/* Begin PBXTargetDependency section */
		63EC87E8190B260000614DE2 /* PBXTargetDependency */ = {
			isa = PBXTargetDependency;
			target = 63EC87BD190B25FF00614DE2 /* XcasPad */;
			targetProxy = 63EC87E7190B260000614DE2 /* PBXContainerItemProxy */;
		};
/* End PBXTargetDependency section */

/* Begin PBXVariantGroup section */
		63EC87CA190B25FF00614DE2 /* InfoPlist.strings */ = {
			isa = PBXVariantGroup;
			children = (
				63EC87CB190B25FF00614DE2 /* en */,
			);
			name = InfoPlist.strings;
			sourceTree = "<group>";
		};
		63EC87D3190B25FF00614DE2 /* Main_iPhone.storyboard */ = {
			isa = PBXVariantGroup;
			children = (
				63EC87D4190B25FF00614DE2 /* Base */,
			);
			name = Main_iPhone.storyboard;
			sourceTree = "<group>";
		};
		63EC87D6190B25FF00614DE2 /* Main_iPad.storyboard */ = {
			isa = PBXVariantGroup;
			children = (
				63EC87D7190B25FF00614DE2 /* Base */,
			);
			name = Main_iPad.storyboard;
			sourceTree = "<group>";
		};
		63EC87EC190B260000614DE2 /* InfoPlist.strings */ = {
			isa = PBXVariantGroup;
			children = (
				63EC87ED190B260000614DE2 /* en */,
			);
			name = InfoPlist.strings;
			sourceTree = "<group>";
		};
/* End PBXVariantGroup section */

/* Begin XCBuildConfiguration section */
		63EC87F1190B260000614DE2 /* Debug */ = {
			isa = XCBuildConfiguration;
			buildSettings = {
				ALWAYS_SEARCH_USER_PATHS = NO;
				ARCHS = "$(ARCHS_STANDARD_INCLUDING_64_BIT)";
				CLANG_CXX_LANGUAGE_STANDARD = "gnu++0x";
				CLANG_CXX_LIBRARY = "libc++";
				CLANG_ENABLE_MODULES = YES;
				CLANG_ENABLE_OBJC_ARC = YES;
				CLANG_WARN_BOOL_CONVERSION = YES;
				CLANG_WARN_CONSTANT_CONVERSION = YES;
				CLANG_WARN_DIRECT_OBJC_ISA_USAGE = YES_ERROR;
				CLANG_WARN_EMPTY_BODY = YES;
				CLANG_WARN_ENUM_CONVERSION = YES;
				CLANG_WARN_INT_CONVERSION = YES;
				CLANG_WARN_OBJC_ROOT_CLASS = YES_ERROR;
				CLANG_WARN__DUPLICATE_METHOD_MATCH = YES;
				"CODE_SIGN_IDENTITY[sdk=iphoneos*]" = "iPhone Developer";
				COPY_PHASE_STRIP = NO;
				GCC_C_LANGUAGE_STANDARD = gnu99;
				GCC_DYNAMIC_NO_PIC = NO;
				GCC_OPTIMIZATION_LEVEL = 0;
				GCC_PREPROCESSOR_DEFINITIONS = (
					"DEBUG=1",
					"$(inherited)",
				);
				GCC_SYMBOLS_PRIVATE_EXTERN = NO;
				GCC_WARN_64_TO_32_BIT_CONVERSION = YES;
				GCC_WARN_ABOUT_RETURN_TYPE = YES_ERROR;
				GCC_WARN_UNDECLARED_SELECTOR = YES;
				GCC_WARN_UNINITIALIZED_AUTOS = YES;
				GCC_WARN_UNUSED_FUNCTION = YES;
				GCC_WARN_UNUSED_VARIABLE = YES;
				IPHONEOS_DEPLOYMENT_TARGET = 7.0;
				ONLY_ACTIVE_ARCH = YES;
				SDKROOT = iphoneos;
				TARGETED_DEVICE_FAMILY = "1,2";
			};
			name = Debug;
		};
		63EC87F2190B260000614DE2 /* Release */ = {
			isa = XCBuildConfiguration;
			buildSettings = {
				ALWAYS_SEARCH_USER_PATHS = NO;
				ARCHS = "$(ARCHS_STANDARD_INCLUDING_64_BIT)";
				CLANG_CXX_LANGUAGE_STANDARD = "gnu++0x";
				CLANG_CXX_LIBRARY = "libc++";
				CLANG_ENABLE_MODULES = YES;
				CLANG_ENABLE_OBJC_ARC = YES;
				CLANG_WARN_BOOL_CONVERSION = YES;
				CLANG_WARN_CONSTANT_CONVERSION = YES;
				CLANG_WARN_DIRECT_OBJC_ISA_USAGE = YES_ERROR;
				CLANG_WARN_EMPTY_BODY = YES;
				CLANG_WARN_ENUM_CONVERSION = YES;
				CLANG_WARN_INT_CONVERSION = YES;
				CLANG_WARN_OBJC_ROOT_CLASS = YES_ERROR;
				CLANG_WARN__DUPLICATE_METHOD_MATCH = YES;
				"CODE_SIGN_IDENTITY[sdk=iphoneos*]" = "iPhone Developer";
				COPY_PHASE_STRIP = YES;
				ENABLE_NS_ASSERTIONS = NO;
				GCC_C_LANGUAGE_STANDARD = gnu99;
				GCC_WARN_64_TO_32_BIT_CONVERSION = YES;
				GCC_WARN_ABOUT_RETURN_TYPE = YES_ERROR;
				GCC_WARN_UNDECLARED_SELECTOR = YES;
				GCC_WARN_UNINITIALIZED_AUTOS = YES;
				GCC_WARN_UNUSED_FUNCTION = YES;
				GCC_WARN_UNUSED_VARIABLE = YES;
				IPHONEOS_DEPLOYMENT_TARGET = 7.0;
				SDKROOT = iphoneos;
				TARGETED_DEVICE_FAMILY = "1,2";
				VALIDATE_PRODUCT = YES;
			};
			name = Release;
		};
		63EC87F4190B260000614DE2 /* Debug */ = {
			isa = XCBuildConfiguration;
			buildSettings = {
				ASSETCATALOG_COMPILER_APPICON_NAME = AppIcon;
				ASSETCATALOG_COMPILER_LAUNCHIMAGE_NAME = LaunchImage;
				GCC_PRECOMPILE_PREFIX_HEADER = YES;
				GCC_PREFIX_HEADER = "XcasPad/XcasPad-Prefix.pch";
				INFOPLIST_FILE = "XcasPad/XcasPad-Info.plist";
				PRODUCT_NAME = "$(TARGET_NAME)";
				WRAPPER_EXTENSION = app;
			};
			name = Debug;
		};
		63EC87F5190B260000614DE2 /* Release */ = {
			isa = XCBuildConfiguration;
			buildSettings = {
				ASSETCATALOG_COMPILER_APPICON_NAME = AppIcon;
				ASSETCATALOG_COMPILER_LAUNCHIMAGE_NAME = LaunchImage;
				GCC_PRECOMPILE_PREFIX_HEADER = YES;
				GCC_PREFIX_HEADER = "XcasPad/XcasPad-Prefix.pch";
				INFOPLIST_FILE = "XcasPad/XcasPad-Info.plist";
				PRODUCT_NAME = "$(TARGET_NAME)";
				WRAPPER_EXTENSION = app;
			};
			name = Release;
		};
		63EC87F7190B260000614DE2 /* Debug */ = {
			isa = XCBuildConfiguration;
			buildSettings = {
				ARCHS = "$(ARCHS_STANDARD_INCLUDING_64_BIT)";
				BUNDLE_LOADER = "$(BUILT_PRODUCTS_DIR)/XcasPad.app/XcasPad";
				FRAMEWORK_SEARCH_PATHS = (
					"$(SDKROOT)/Developer/Library/Frameworks",
					"$(inherited)",
					"$(DEVELOPER_FRAMEWORKS_DIR)",
				);
				GCC_PRECOMPILE_PREFIX_HEADER = YES;
				GCC_PREFIX_HEADER = "XcasPad/XcasPad-Prefix.pch";
				GCC_PREPROCESSOR_DEFINITIONS = (
					"DEBUG=1",
					"$(inherited)",
				);
				INFOPLIST_FILE = "XcasPadTests/XcasPadTests-Info.plist";
				PRODUCT_NAME = "$(TARGET_NAME)";
				TEST_HOST = "$(BUNDLE_LOADER)";
				WRAPPER_EXTENSION = xctest;
			};
			name = Debug;
		};
		63EC87F8190B260000614DE2 /* Release */ = {
			isa = XCBuildConfiguration;
			buildSettings = {
				ARCHS = "$(ARCHS_STANDARD_INCLUDING_64_BIT)";
				BUNDLE_LOADER = "$(BUILT_PRODUCTS_DIR)/XcasPad.app/XcasPad";
				FRAMEWORK_SEARCH_PATHS = (
					"$(SDKROOT)/Developer/Library/Frameworks",
					"$(inherited)",
					"$(DEVELOPER_FRAMEWORKS_DIR)",
				);
				GCC_PRECOMPILE_PREFIX_HEADER = YES;
				GCC_PREFIX_HEADER = "XcasPad/XcasPad-Prefix.pch";
				INFOPLIST_FILE = "XcasPadTests/XcasPadTests-Info.plist";
				PRODUCT_NAME = "$(TARGET_NAME)";
				TEST_HOST = "$(BUNDLE_LOADER)";
				WRAPPER_EXTENSION = xctest;
			};
			name = Release;
		};
/* End XCBuildConfiguration section */

/* Begin XCConfigurationList section */
		63EC87B9190B25FF00614DE2 /* Build configuration list for PBXProject "XcasPad" */ = {
			isa = XCConfigurationList;
			buildConfigurations = (
				63EC87F1190B260000614DE2 /* Debug */,
				63EC87F2190B260000614DE2 /* Release */,
			);
			defaultConfigurationIsVisible = 0;
			defaultConfigurationName = Release;
		};
		63EC87F3190B260000614DE2 /* Build configuration list for PBXNativeTarget "XcasPad" */ = {
			isa = XCConfigurationList;
			buildConfigurations = (
				63EC87F4190B260000614DE2 /* Debug */,
				63EC87F5190B260000614DE2 /* Release */,
			);
			defaultConfigurationIsVisible = 0;
		};
		63EC87F6190B260000614DE2 /* Build configuration list for PBXNativeTarget "XcasPadTests" */ = {
			isa = XCConfigurationList;
			buildConfigurations = (
				63EC87F7190B260000614DE2 /* Debug */,
				63EC87F8190B260000614DE2 /* Release */,
			);
			defaultConfigurationIsVisible = 0;
		};
/* End XCConfigurationList section */
	};
	rootObject = 63EC87B6190B25FF00614DE2 /* Project object */;
}
